// !$*UTF8*$!
{
	archiveVersion = 1;
	classes = {
	};
	objectVersion = 77;
	objects = {

/* Begin PBXContainerItemProxy section */
		5EABD83C2CD8C0950080B8D1 /* PBXContainerItemProxy */ = {
			isa = PBXContainerItemProxy;
			containerPortal = 5EABD81D2CD8C0920080B8D1 /* Project object */;
			proxyType = 1;
			remoteGlobalIDString = 5EABD8242CD8C0920080B8D1;
			remoteInfo = "Zomato-UIKit";
		};
		5EABD8462CD8C0950080B8D1 /* PBXContainerItemProxy */ = {
			isa = PBXContainerItemProxy;
			containerPortal = 5EABD81D2CD8C0920080B8D1 /* Project object */;
			proxyType = 1;
			remoteGlobalIDString = 5EABD8242CD8C0920080B8D1;
			remoteInfo = "Zomato-UIKit";
		};
/* End PBXContainerItemProxy section */

/* Begin PBXFileReference section */
		5EABD8252CD8C0920080B8D1 /* Zomato-UIKit.app */ = {isa = PBXFileReference; explicitFileType = wrapper.application; includeInIndex = 0; path = "Zomato-UIKit.app"; sourceTree = BUILT_PRODUCTS_DIR; };
		5EABD83B2CD8C0950080B8D1 /* Zomato-UIKitTests.xctest */ = {isa = PBXFileReference; explicitFileType = wrapper.cfbundle; includeInIndex = 0; path = "Zomato-UIKitTests.xctest"; sourceTree = BUILT_PRODUCTS_DIR; };
		5EABD8452CD8C0950080B8D1 /* Zomato-UIKitUITests.xctest */ = {isa = PBXFileReference; explicitFileType = wrapper.cfbundle; includeInIndex = 0; path = "Zomato-UIKitUITests.xctest"; sourceTree = BUILT_PRODUCTS_DIR; };
/* End PBXFileReference section */

/* Begin PBXFileSystemSynchronizedBuildFileExceptionSet section */
		5E44030F2D45383B0047F5F3 /* Exceptions for "Controllers" folder in "Zomato-UIKitTests" target */ = {
			isa = PBXFileSystemSynchronizedBuildFileExceptionSet;
			membershipExceptions = (
				DeliveryVC.swift,
				LiveVC.swift,
				ReorderVC.swift,
			);
			target = 5EABD83A2CD8C0950080B8D1 /* Zomato-UIKitTests */;
		};
		5E4403102D45383B0047F5F3 /* Exceptions for "Controllers" folder in "Zomato-UIKitUITests" target */ = {
			isa = PBXFileSystemSynchronizedBuildFileExceptionSet;
			membershipExceptions = (
				DeliveryVC.swift,
				LiveVC.swift,
				ReorderVC.swift,
			);
			target = 5EABD8442CD8C0950080B8D1 /* Zomato-UIKitUITests */;
		};
		5EABD84D2CD8C0950080B8D1 /* Exceptions for "Zomato-UIKit" folder in "Zomato-UIKit" target */ = {
			isa = PBXFileSystemSynchronizedBuildFileExceptionSet;
			membershipExceptions = (
				Info.plist,
			);
			target = 5EABD8242CD8C0920080B8D1 /* Zomato-UIKit */;
		};
/* End PBXFileSystemSynchronizedBuildFileExceptionSet section */

/* Begin PBXFileSystemSynchronizedRootGroup section */
		5E4403072D45380E0047F5F3 /* Controllers */ = {
			isa = PBXFileSystemSynchronizedRootGroup;
			exceptions = (
				5E44030F2D45383B0047F5F3 /* Exceptions for "Controllers" folder in "Zomato-UIKitTests" target */,
				5E4403102D45383B0047F5F3 /* Exceptions for "Controllers" folder in "Zomato-UIKitUITests" target */,
			);
			path = Controllers;
			sourceTree = "<group>";
		};
		5EABD8272CD8C0920080B8D1 /* Zomato-UIKit */ = {
			isa = PBXFileSystemSynchronizedRootGroup;
			exceptions = (
				5EABD84D2CD8C0950080B8D1 /* Exceptions for "Zomato-UIKit" folder in "Zomato-UIKit" target */,
			);
			path = "Zomato-UIKit";
			sourceTree = "<group>";
		};
		5EABD83E2CD8C0950080B8D1 /* Zomato-UIKitTests */ = {
			isa = PBXFileSystemSynchronizedRootGroup;
			path = "Zomato-UIKitTests";
			sourceTree = "<group>";
		};
		5EABD8482CD8C0950080B8D1 /* Zomato-UIKitUITests */ = {
			isa = PBXFileSystemSynchronizedRootGroup;
			path = "Zomato-UIKitUITests";
			sourceTree = "<group>";
		};
/* End PBXFileSystemSynchronizedRootGroup section */

/* Begin PBXFrameworksBuildPhase section */
		5EABD8222CD8C0920080B8D1 /* Frameworks */ = {
			isa = PBXFrameworksBuildPhase;
			buildActionMask = 2147483647;
			files = (
			);
			runOnlyForDeploymentPostprocessing = 0;
		};
		5EABD8382CD8C0950080B8D1 /* Frameworks */ = {
			isa = PBXFrameworksBuildPhase;
			buildActionMask = 2147483647;
			files = (
			);
			runOnlyForDeploymentPostprocessing = 0;
		};
		5EABD8422CD8C0950080B8D1 /* Frameworks */ = {
			isa = PBXFrameworksBuildPhase;
			buildActionMask = 2147483647;
			files = (
			);
			runOnlyForDeploymentPostprocessing = 0;
		};
/* End PBXFrameworksBuildPhase section */

/* Begin PBXGroup section */
		5EABD81C2CD8C0920080B8D1 = {
			isa = PBXGroup;
			children = (
				5EABD8272CD8C0920080B8D1 /* Zomato-UIKit */,
				5E4403072D45380E0047F5F3 /* Controllers */,
				5EABD83E2CD8C0950080B8D1 /* Zomato-UIKitTests */,
				5EABD8482CD8C0950080B8D1 /* Zomato-UIKitUITests */,
				5EABD8262CD8C0920080B8D1 /* Products */,
			);
			sourceTree = "<group>";
		};
		5EABD8262CD8C0920080B8D1 /* Products */ = {
			isa = PBXGroup;
			children = (
				5EABD8252CD8C0920080B8D1 /* Zomato-UIKit.app */,
				5EABD83B2CD8C0950080B8D1 /* Zomato-UIKitTests.xctest */,
				5EABD8452CD8C0950080B8D1 /* Zomato-UIKitUITests.xctest */,
			);
			name = Products;
			sourceTree = "<group>";
		};
/* End PBXGroup section */

/* Begin PBXNativeTarget section */
		5EABD8242CD8C0920080B8D1 /* Zomato-UIKit */ = {
			isa = PBXNativeTarget;
			buildConfigurationList = 5EABD84E2CD8C0950080B8D1 /* Build configuration list for PBXNativeTarget "Zomato-UIKit" */;
			buildPhases = (
				5EABD8212CD8C0920080B8D1 /* Sources */,
				5EABD8222CD8C0920080B8D1 /* Frameworks */,
				5EABD8232CD8C0920080B8D1 /* Resources */,
			);
			buildRules = (
			);
			dependencies = (
			);
			fileSystemSynchronizedGroups = (
				5E4403072D45380E0047F5F3 /* Controllers */,
				5EABD8272CD8C0920080B8D1 /* Zomato-UIKit */,
			);
			name = "Zomato-UIKit";
			packageProductDependencies = (
			);
			productName = "Zomato-UIKit";
			productReference = 5EABD8252CD8C0920080B8D1 /* Zomato-UIKit.app */;
			productType = "com.apple.product-type.application";
		};
		5EABD83A2CD8C0950080B8D1 /* Zomato-UIKitTests */ = {
			isa = PBXNativeTarget;
			buildConfigurationList = 5EABD8532CD8C0950080B8D1 /* Build configuration list for PBXNativeTarget "Zomato-UIKitTests" */;
			buildPhases = (
				5EABD8372CD8C0950080B8D1 /* Sources */,
				5EABD8382CD8C0950080B8D1 /* Frameworks */,
				5EABD8392CD8C0950080B8D1 /* Resources */,
			);
			buildRules = (
			);
			dependencies = (
				5EABD83D2CD8C0950080B8D1 /* PBXTargetDependency */,
			);
			fileSystemSynchronizedGroups = (
				5EABD83E2CD8C0950080B8D1 /* Zomato-UIKitTests */,
			);
			name = "Zomato-UIKitTests";
			packageProductDependencies = (
			);
			productName = "Zomato-UIKitTests";
			productReference = 5EABD83B2CD8C0950080B8D1 /* Zomato-UIKitTests.xctest */;
			productType = "com.apple.product-type.bundle.unit-test";
		};
		5EABD8442CD8C0950080B8D1 /* Zomato-UIKitUITests */ = {
			isa = PBXNativeTarget;
			buildConfigurationList = 5EABD8562CD8C0950080B8D1 /* Build configuration list for PBXNativeTarget "Zomato-UIKitUITests" */;
			buildPhases = (
				5EABD8412CD8C0950080B8D1 /* Sources */,
				5EABD8422CD8C0950080B8D1 /* Frameworks */,
				5EABD8432CD8C0950080B8D1 /* Resources */,
			);
			buildRules = (
			);
			dependencies = (
				5EABD8472CD8C0950080B8D1 /* PBXTargetDependency */,
			);
			fileSystemSynchronizedGroups = (
				5EABD8482CD8C0950080B8D1 /* Zomato-UIKitUITests */,
			);
			name = "Zomato-UIKitUITests";
			packageProductDependencies = (
			);
			productName = "Zomato-UIKitUITests";
			productReference = 5EABD8452CD8C0950080B8D1 /* Zomato-UIKitUITests.xctest */;
			productType = "com.apple.product-type.bundle.ui-testing";
		};
/* End PBXNativeTarget section */

/* Begin PBXProject section */
		5EABD81D2CD8C0920080B8D1 /* Project object */ = {
			isa = PBXProject;
			attributes = {
				BuildIndependentTargetsInParallel = 1;
				LastSwiftUpdateCheck = 1600;
				LastUpgradeCheck = 1600;
				TargetAttributes = {
					5EABD8242CD8C0920080B8D1 = {
						CreatedOnToolsVersion = 16.0;
					};
					5EABD83A2CD8C0950080B8D1 = {
						CreatedOnToolsVersion = 16.0;
						TestTargetID = 5EABD8242CD8C0920080B8D1;
					};
					5EABD8442CD8C0950080B8D1 = {
						CreatedOnToolsVersion = 16.0;
						TestTargetID = 5EABD8242CD8C0920080B8D1;
					};
				};
			};
			buildConfigurationList = 5EABD8202CD8C0920080B8D1 /* Build configuration list for PBXProject "Zomato-UIKit" */;
			developmentRegion = en;
			hasScannedForEncodings = 0;
			knownRegions = (
				en,
				Base,
			);
			mainGroup = 5EABD81C2CD8C0920080B8D1;
			minimizedProjectReferenceProxies = 1;
			preferredProjectObjectVersion = 77;
			productRefGroup = 5EABD8262CD8C0920080B8D1 /* Products */;
			projectDirPath = "";
			projectRoot = "";
			targets = (
				5EABD8242CD8C0920080B8D1 /* Zomato-UIKit */,
				5EABD83A2CD8C0950080B8D1 /* Zomato-UIKitTests */,
				5EABD8442CD8C0950080B8D1 /* Zomato-UIKitUITests */,
			);
		};
/* End PBXProject section */

/* Begin PBXResourcesBuildPhase section */
		5EABD8232CD8C0920080B8D1 /* Resources */ = {
			isa = PBXResourcesBuildPhase;
			buildActionMask = 2147483647;
			files = (
			);
			runOnlyForDeploymentPostprocessing = 0;
		};
		5EABD8392CD8C0950080B8D1 /* Resources */ = {
			isa = PBXResourcesBuildPhase;
			buildActionMask = 2147483647;
			files = (
			);
			runOnlyForDeploymentPostprocessing = 0;
		};
		5EABD8432CD8C0950080B8D1 /* Resources */ = {
			isa = PBXResourcesBuildPhase;
			buildActionMask = 2147483647;
			files = (
			);
			runOnlyForDeploymentPostprocessing = 0;
		};
/* End PBXResourcesBuildPhase section */

/* Begin PBXSourcesBuildPhase section */
		5EABD8212CD8C0920080B8D1 /* Sources */ = {
			isa = PBXSourcesBuildPhase;
			buildActionMask = 2147483647;
			files = (
			);
			runOnlyForDeploymentPostprocessing = 0;
		};
		5EABD8372CD8C0950080B8D1 /* Sources */ = {
			isa = PBXSourcesBuildPhase;
			buildActionMask = 2147483647;
			files = (
			);
			runOnlyForDeploymentPostprocessing = 0;
		};
		5EABD8412CD8C0950080B8D1 /* Sources */ = {
			isa = PBXSourcesBuildPhase;
			buildActionMask = 2147483647;
			files = (
			);
			runOnlyForDeploymentPostprocessing = 0;
		};
/* End PBXSourcesBuildPhase section */

/* Begin PBXTargetDependency section */
		5EABD83D2CD8C0950080B8D1 /* PBXTargetDependency */ = {
			isa = PBXTargetDependency;
			target = 5EABD8242CD8C0920080B8D1 /* Zomato-UIKit */;
			targetProxy = 5EABD83C2CD8C0950080B8D1 /* PBXContainerItemProxy */;
		};
		5EABD8472CD8C0950080B8D1 /* PBXTargetDependency */ = {
			isa = PBXTargetDependency;
			target = 5EABD8242CD8C0920080B8D1 /* Zomato-UIKit */;
			targetProxy = 5EABD8462CD8C0950080B8D1 /* PBXContainerItemProxy */;
		};
/* End PBXTargetDependency section */

/* Begin XCBuildConfiguration section */
		5EABD84F2CD8C0950080B8D1 /* Debug */ = {
			isa = XCBuildConfiguration;
			buildSettings = {
				ASSETCATALOG_COMPILER_APPICON_NAME = AppIcon;
				ASSETCATALOG_COMPILER_GLOBAL_ACCENT_COLOR_NAME = AccentColor;
				CODE_SIGN_STYLE = Automatic;
				CURRENT_PROJECT_VERSION = 1;
				DEVELOPMENT_TEAM = Q56Y866QH3;
				GENERATE_INFOPLIST_FILE = YES;
				INFOPLIST_FILE = "Zomato-UIKit/Info.plist";
				INFOPLIST_KEY_CFBundleDisplayName = "Zomato UIKit";
				INFOPLIST_KEY_LSApplicationCategoryType = "public.app-category.food-and-drink";
				INFOPLIST_KEY_UIApplicationSupportsIndirectInputEvents = YES;
				INFOPLIST_KEY_UILaunchStoryboardName = LaunchScreen;
				INFOPLIST_KEY_UIMainStoryboardFile = Main;
				INFOPLIST_KEY_UISupportedInterfaceOrientations = UIInterfaceOrientationPortrait;
				LD_RUNPATH_SEARCH_PATHS = (
					"$(inherited)",
					"@executable_path/Frameworks",
				);
				MARKETING_VERSION = 1.0;
				PRODUCT_BUNDLE_IDENTIFIER = "com.swantan.Zomato-UIKit";
				PRODUCT_NAME = "$(TARGET_NAME)";
				SWIFT_EMIT_LOC_STRINGS = YES;
				SWIFT_VERSION = 5.0;
				TARGETED_DEVICE_FAMILY = "1,2";
			};
			name = Debug;
		};
		5EABD8502CD8C0950080B8D1 /* Release */ = {
			isa = XCBuildConfiguration;
			buildSettings = {
				ASSETCATALOG_COMPILER_APPICON_NAME = AppIcon;
				ASSETCATALOG_COMPILER_GLOBAL_ACCENT_COLOR_NAME = AccentColor;
				CODE_SIGN_STYLE = Automatic;
				CURRENT_PROJECT_VERSION = 1;
				DEVELOPMENT_TEAM = Q56Y866QH3;
				GENERATE_INFOPLIST_FILE = YES;
				INFOPLIST_FILE = "Zomato-UIKit/Info.plist";
				INFOPLIST_KEY_CFBundleDisplayName = "Zomato UIKit";
				INFOPLIST_KEY_LSApplicationCategoryType = "public.app-category.food-and-drink";
				INFOPLIST_KEY_UIApplicationSupportsIndirectInputEvents = YES;
				INFOPLIST_KEY_UILaunchStoryboardName = LaunchScreen;
				INFOPLIST_KEY_UIMainStoryboardFile = Main;
				INFOPLIST_KEY_UISupportedInterfaceOrientations = UIInterfaceOrientationPortrait;
				LD_RUNPATH_SEARCH_PATHS = (
					"$(inherited)",
					"@executable_path/Frameworks",
				);
				MARKETING_VERSION = 1.0;
				PRODUCT_BUNDLE_IDENTIFIER = "com.swantan.Zomato-UIKit";
				PRODUCT_NAME = "$(TARGET_NAME)";
				SWIFT_EMIT_LOC_STRINGS = YES;
				SWIFT_VERSION = 5.0;
				TARGETED_DEVICE_FAMILY = "1,2";
			};
			name = Release;
		};
		5EABD8512CD8C0950080B8D1 /* Debug */ = {
			isa = XCBuildConfiguration;
			buildSettings = {
				ALWAYS_SEARCH_USER_PATHS = NO;
				ASSETCATALOG_COMPILER_GENERATE_SWIFT_ASSET_SYMBOL_EXTENSIONS = YES;
				CLANG_ANALYZER_NONNULL = YES;
				CLANG_ANALYZER_NUMBER_OBJECT_CONVERSION = YES_AGGRESSIVE;
				CLANG_CXX_LANGUAGE_STANDARD = "gnu++20";
				CLANG_ENABLE_MODULES = YES;
				CLANG_ENABLE_OBJC_ARC = YES;
				CLANG_ENABLE_OBJC_WEAK = YES;
				CLANG_WARN_BLOCK_CAPTURE_AUTORELEASING = YES;
				CLANG_WARN_BOOL_CONVERSION = YES;
				CLANG_WARN_COMMA = YES;
				CLANG_WARN_CONSTANT_CONVERSION = YES;
				CLANG_WARN_DEPRECATED_OBJC_IMPLEMENTATIONS = YES;
				CLANG_WARN_DIRECT_OBJC_ISA_USAGE = YES_ERROR;
				CLANG_WARN_DOCUMENTATION_COMMENTS = YES;
				CLANG_WARN_EMPTY_BODY = YES;
				CLANG_WARN_ENUM_CONVERSION = YES;
				CLANG_WARN_INFINITE_RECURSION = YES;
				CLANG_WARN_INT_CONVERSION = YES;
				CLANG_WARN_NON_LITERAL_NULL_CONVERSION = YES;
				CLANG_WARN_OBJC_IMPLICIT_RETAIN_SELF = YES;
				CLANG_WARN_OBJC_LITERAL_CONVERSION = YES;
				CLANG_WARN_OBJC_ROOT_CLASS = YES_ERROR;
				CLANG_WARN_QUOTED_INCLUDE_IN_FRAMEWORK_HEADER = YES;
				CLANG_WARN_RANGE_LOOP_ANALYSIS = YES;
				CLANG_WARN_STRICT_PROTOTYPES = YES;
				CLANG_WARN_SUSPICIOUS_MOVE = YES;
				CLANG_WARN_UNGUARDED_AVAILABILITY = YES_AGGRESSIVE;
				CLANG_WARN_UNREACHABLE_CODE = YES;
				CLANG_WARN__DUPLICATE_METHOD_MATCH = YES;
				COPY_PHASE_STRIP = NO;
				DEBUG_INFORMATION_FORMAT = dwarf;
				ENABLE_STRICT_OBJC_MSGSEND = YES;
				ENABLE_TESTABILITY = YES;
				ENABLE_USER_SCRIPT_SANDBOXING = YES;
				GCC_C_LANGUAGE_STANDARD = gnu17;
				GCC_DYNAMIC_NO_PIC = NO;
				GCC_NO_COMMON_BLOCKS = YES;
				GCC_OPTIMIZATION_LEVEL = 0;
				GCC_PREPROCESSOR_DEFINITIONS = (
					"DEBUG=1",
					"$(inherited)",
				);
				GCC_WARN_64_TO_32_BIT_CONVERSION = YES;
				GCC_WARN_ABOUT_RETURN_TYPE = YES_ERROR;
				GCC_WARN_UNDECLARED_SELECTOR = YES;
				GCC_WARN_UNINITIALIZED_AUTOS = YES_AGGRESSIVE;
				GCC_WARN_UNUSED_FUNCTION = YES;
				GCC_WARN_UNUSED_VARIABLE = YES;
				IPHONEOS_DEPLOYMENT_TARGET = 18.0;
				LOCALIZATION_PREFERS_STRING_CATALOGS = YES;
				MTL_ENABLE_DEBUG_INFO = INCLUDE_SOURCE;
				MTL_FAST_MATH = YES;
				ONLY_ACTIVE_ARCH = YES;
				SDKROOT = iphoneos;
				SWIFT_ACTIVE_COMPILATION_CONDITIONS = "DEBUG $(inherited)";
				SWIFT_OPTIMIZATION_LEVEL = "-Onone";
			};
			name = Debug;
		};
		5EABD8522CD8C0950080B8D1 /* Release */ = {
			isa = XCBuildConfiguration;
			buildSettings = {
				ALWAYS_SEARCH_USER_PATHS = NO;
				ASSETCATALOG_COMPILER_GENERATE_SWIFT_ASSET_SYMBOL_EXTENSIONS = YES;
				CLANG_ANALYZER_NONNULL = YES;
				CLANG_ANALYZER_NUMBER_OBJECT_CONVERSION = YES_AGGRESSIVE;
				CLANG_CXX_LANGUAGE_STANDARD = "gnu++20";
				CLANG_ENABLE_MODULES = YES;
				CLANG_ENABLE_OBJC_ARC = YES;
				CLANG_ENABLE_OBJC_WEAK = YES;
				CLANG_WARN_BLOCK_CAPTURE_AUTORELEASING = YES;
				CLANG_WARN_BOOL_CONVERSION = YES;
				CLANG_WARN_COMMA = YES;
				CLANG_WARN_CONSTANT_CONVERSION = YES;
				CLANG_WARN_DEPRECATED_OBJC_IMPLEMENTATIONS = YES;
				CLANG_WARN_DIRECT_OBJC_ISA_USAGE = YES_ERROR;
				CLANG_WARN_DOCUMENTATION_COMMENTS = YES;
				CLANG_WARN_EMPTY_BODY = YES;
				CLANG_WARN_ENUM_CONVERSION = YES;
				CLANG_WARN_INFINITE_RECURSION = YES;
				CLANG_WARN_INT_CONVERSION = YES;
				CLANG_WARN_NON_LITERAL_NULL_CONVERSION = YES;
				CLANG_WARN_OBJC_IMPLICIT_RETAIN_SELF = YES;
				CLANG_WARN_OBJC_LITERAL_CONVERSION = YES;
				CLANG_WARN_OBJC_ROOT_CLASS = YES_ERROR;
				CLANG_WARN_QUOTED_INCLUDE_IN_FRAMEWORK_HEADER = YES;
				CLANG_WARN_RANGE_LOOP_ANALYSIS = YES;
				CLANG_WARN_STRICT_PROTOTYPES = YES;
				CLANG_WARN_SUSPICIOUS_MOVE = YES;
				CLANG_WARN_UNGUARDED_AVAILABILITY = YES_AGGRESSIVE;
				CLANG_WARN_UNREACHABLE_CODE = YES;
				CLANG_WARN__DUPLICATE_METHOD_MATCH = YES;
				COPY_PHASE_STRIP = NO;
				DEBUG_INFORMATION_FORMAT = "dwarf-with-dsym";
				ENABLE_NS_ASSERTIONS = NO;
				ENABLE_STRICT_OBJC_MSGSEND = YES;
				ENABLE_USER_SCRIPT_SANDBOXING = YES;
				GCC_C_LANGUAGE_STANDARD = gnu17;
				GCC_NO_COMMON_BLOCKS = YES;
				GCC_WARN_64_TO_32_BIT_CONVERSION = YES;
				GCC_WARN_ABOUT_RETURN_TYPE = YES_ERROR;
				GCC_WARN_UNDECLARED_SELECTOR = YES;
				GCC_WARN_UNINITIALIZED_AUTOS = YES_AGGRESSIVE;
				GCC_WARN_UNUSED_FUNCTION = YES;
				GCC_WARN_UNUSED_VARIABLE = YES;
				IPHONEOS_DEPLOYMENT_TARGET = 18.0;
				LOCALIZATION_PREFERS_STRING_CATALOGS = YES;
				MTL_ENABLE_DEBUG_INFO = NO;
				MTL_FAST_MATH = YES;
				SDKROOT = iphoneos;
				SWIFT_COMPILATION_MODE = wholemodule;
				VALIDATE_PRODUCT = YES;
			};
			name = Release;
		};
		5EABD8542CD8C0950080B8D1 /* Debug */ = {
			isa = XCBuildConfiguration;
			buildSettings = {
				BUNDLE_LOADER = "$(TEST_HOST)";
				CODE_SIGN_STYLE = Automatic;
				CURRENT_PROJECT_VERSION = 1;
				DEVELOPMENT_TEAM = Q56Y866QH3;
				GENERATE_INFOPLIST_FILE = YES;
				IPHONEOS_DEPLOYMENT_TARGET = 18.0;
				MARKETING_VERSION = 1.0;
				PRODUCT_BUNDLE_IDENTIFIER = "com.swantan.Zomato-UIKitTests";
				PRODUCT_NAME = "$(TARGET_NAME)";
				SWIFT_EMIT_LOC_STRINGS = NO;
				SWIFT_VERSION = 5.0;
				TARGETED_DEVICE_FAMILY = "1,2";
				TEST_HOST = "$(BUILT_PRODUCTS_DIR)/Zomato-UIKit.app/$(BUNDLE_EXECUTABLE_FOLDER_PATH)/Zomato-UIKit";
			};
			name = Debug;
		};
		5EABD8552CD8C0950080B8D1 /* Release */ = {
			isa = XCBuildConfiguration;
			buildSettings = {
				BUNDLE_LOADER = "$(TEST_HOST)";
				CODE_SIGN_STYLE = Automatic;
				CURRENT_PROJECT_VERSION = 1;
				DEVELOPMENT_TEAM = Q56Y866QH3;
				GENERATE_INFOPLIST_FILE = YES;
				IPHONEOS_DEPLOYMENT_TARGET = 18.0;
				MARKETING_VERSION = 1.0;
				PRODUCT_BUNDLE_IDENTIFIER = "com.swantan.Zomato-UIKitTests";
				PRODUCT_NAME = "$(TARGET_NAME)";
				SWIFT_EMIT_LOC_STRINGS = NO;
				SWIFT_VERSION = 5.0;
				TARGETED_DEVICE_FAMILY = "1,2";
				TEST_HOST = "$(BUILT_PRODUCTS_DIR)/Zomato-UIKit.app/$(BUNDLE_EXECUTABLE_FOLDER_PATH)/Zomato-UIKit";
			};
			name = Release;
		};
		5EABD8572CD8C0950080B8D1 /* Debug */ = {
			isa = XCBuildConfiguration;
			buildSettings = {
				CODE_SIGN_STYLE = Automatic;
				CURRENT_PROJECT_VERSION = 1;
				DEVELOPMENT_TEAM = Q56Y866QH3;
				GENERATE_INFOPLIST_FILE = YES;
				MARKETING_VERSION = 1.0;
				PRODUCT_BUNDLE_IDENTIFIER = "com.swantan.Zomato-UIKitUITests";
				PRODUCT_NAME = "$(TARGET_NAME)";
				SWIFT_EMIT_LOC_STRINGS = NO;
				SWIFT_VERSION = 5.0;
				TARGETED_DEVICE_FAMILY = "1,2";
				TEST_TARGET_NAME = "Zomato-UIKit";
			};
			name = Debug;
		};
		5EABD8582CD8C0950080B8D1 /* Release */ = {
			isa = XCBuildConfiguration;
			buildSettings = {
				CODE_SIGN_STYLE = Automatic;
				CURRENT_PROJECT_VERSION = 1;
				DEVELOPMENT_TEAM = Q56Y866QH3;
				GENERATE_INFOPLIST_FILE = YES;
				MARKETING_VERSION = 1.0;
				PRODUCT_BUNDLE_IDENTIFIER = "com.swantan.Zomato-UIKitUITests";
				PRODUCT_NAME = "$(TARGET_NAME)";
				SWIFT_EMIT_LOC_STRINGS = NO;
				SWIFT_VERSION = 5.0;
				TARGETED_DEVICE_FAMILY = "1,2";
				TEST_TARGET_NAME = "Zomato-UIKit";
			};
			name = Release;
		};
/* End XCBuildConfiguration section */

/* Begin XCConfigurationList section */
		5EABD8202CD8C0920080B8D1 /* Build configuration list for PBXProject "Zomato-UIKit" */ = {
			isa = XCConfigurationList;
			buildConfigurations = (
				5EABD8512CD8C0950080B8D1 /* Debug */,
				5EABD8522CD8C0950080B8D1 /* Release */,
			);
			defaultConfigurationIsVisible = 0;
			defaultConfigurationName = Release;
		};
		5EABD84E2CD8C0950080B8D1 /* Build configuration list for PBXNativeTarget "Zomato-UIKit" */ = {
			isa = XCConfigurationList;
			buildConfigurations = (
				5EABD84F2CD8C0950080B8D1 /* Debug */,
				5EABD8502CD8C0950080B8D1 /* Release */,
			);
			defaultConfigurationIsVisible = 0;
			defaultConfigurationName = Release;
		};
		5EABD8532CD8C0950080B8D1 /* Build configuration list for PBXNativeTarget "Zomato-UIKitTests" */ = {
			isa = XCConfigurationList;
			buildConfigurations = (
				5EABD8542CD8C0950080B8D1 /* Debug */,
				5EABD8552CD8C0950080B8D1 /* Release */,
			);
			defaultConfigurationIsVisible = 0;
			defaultConfigurationName = Release;
		};
		5EABD8562CD8C0950080B8D1 /* Build configuration list for PBXNativeTarget "Zomato-UIKitUITests" */ = {
			isa = XCConfigurationList;
			buildConfigurations = (
				5EABD8572CD8C0950080B8D1 /* Debug */,
				5EABD8582CD8C0950080B8D1 /* Release */,
			);
			defaultConfigurationIsVisible = 0;
			defaultConfigurationName = Release;
		};
/* End XCConfigurationList section */
	};
	rootObject = 5EABD81D2CD8C0920080B8D1 /* Project object */;
}
